PODS:
  - AppsOnAir-AppSync (0.3.0):
    - AppsOnAir-Core
  - AppsOnAir-Core (0.0.1):
    - ReachabilitySwift
  - ReachabilitySwift (5.2.4)

DEPENDENCIES:
  - AppsOnAir-AppSync (from `../`)

SPEC REPOS:
  trunk:
    - AppsOnAir-Core
    - ReachabilitySwift

EXTERNAL SOURCES:
  AppsOnAir-AppSync:
    :path: "../"

SPEC CHECKSUMS:
  AppsOnAir-AppSync: 24a62ef1007b6343e390576b6d19ab1f24f8268e
  AppsOnAir-Core: 220848815951591f32fd61a5b28e4a9cf83d0d96
  ReachabilitySwift: 32793e867593cfc1177f5d16491e3a197d2fccda

PODFILE CHECKSUM: 348500c9a9cb0eda3b830e3ca13abc77ca822b3b

COCOAPODS: 1.16.2
